{
  "name": "eslint-config",
  "version": "1.0.0",
  "lockfileVersion": 1,
  "requires": true,
  "dependencies": {
    "pnpm": {
      "version": "7.0.0-alpha.2",
      "resolved": "https://registry.npmmirror.com/pnpm/-/pnpm-7.0.0-alpha.2.tgz",
      "integrity": "sha512-JEIpiPiFHCN+iY3xsaGJMddOdn972WQRg5wxm+PpVb+246XT9wUkf1YjI4d8O3NOAy6C9j73DjInzM5kDusEqw=="
    }
  }
}
